
Microsoft Visual Studio Solution File, Format Version 12.00
# Visual Studio 2013
VisualStudioVersion = 12.0.30501.0
MinimumVisualStudioVersion = 10.0.40219.1
Project("{FAE04EC0-301F-11D3-BF4B-00C04F79EFBC}") = "ShipDictonary", "ShipDirectory\ShipDictonary.csproj", "{3DF5D45D-7DC2-438F-8955-DB763603E3A5}"
EndProject
Project("{FAE04EC0-301F-11D3-BF4B-00C04F79EFBC}") = "UI", "UI\UI.csproj", "{68126415-69AB-4F84-A089-581E3B5B5C5D}"
EndProject
Global
	GlobalSection(SolutionConfigurationPlatforms) = preSolution
		Debug|Any CPU = Debug|Any CPU
		Release|Any CPU = Release|Any CPU
	EndGlobalSection
	GlobalSection(ProjectConfigurationPlatforms) = postSolution
		{3DF5D45D-7DC2-438F-8955-DB763603E3A5}.Debug|Any CPU.ActiveCfg = Debug|Any CPU
		{3DF5D45D-7DC2-438F-8955-DB763603E3A5}.Debug|Any CPU.Build.0 = Debug|Any CPU
		{3DF5D45D-7DC2-438F-8955-DB763603E3A5}.Release|Any CPU.ActiveCfg = Release|Any CPU
		{3DF5D45D-7DC2-438F-8955-DB763603E3A5}.Release|Any CPU.Build.0 = Release|Any CPU
		{68126415-69AB-4F84-A089-581E3B5B5C5D}.Debug|Any CPU.ActiveCfg = Debug|Any CPU
		{68126415-69AB-4F84-A089-581E3B5B5C5D}.Debug|Any CPU.Build.0 = Debug|Any CPU
		{68126415-69AB-4F84-A089-581E3B5B5C5D}.Release|Any CPU.ActiveCfg = Release|Any CPU
		{68126415-69AB-4F84-A089-581E3B5B5C5D}.Release|Any CPU.Build.0 = Release|Any CPU
	EndGlobalSection
	GlobalSection(SolutionProperties) = preSolution
		HideSolutionNode = FALSE
	EndGlobalSection
EndGlobal
